{
  "name": "openbindings-kind-jsonata-probe",
  "lockfileVersion": 3,
  "requires": true,
  "packages": {
    "": {
      "name": "openbindings-kind-jsonata-probe",
      "dependencies": {
        "jsonata": "2.1.1"
      }
    },
    "node_modules/jsonata": {
      "version": "2.1.1",
      "resolved": "https://registry.npmjs.org/jsonata/-/jsonata-2.1.1.tgz",
      "integrity": "sha512-OXOWb1MRKcSy5y8rGUH4GYuVeS6p/QeytoBaCgdzmue/0XyTKH5QHWg7Z/C9AuyRWL+jF4FMkpYqo1TktqImJg==",
      "license": "MIT",
      "engines": {
        "node": ">= 8"
      }
    }
  }
}
